
Microsoft Visual Studio Solution File, Format Version 12.00
Project("{FAE04EC0-301F-11D3-BF4B-00C04F79EFBC}") = "APBD_3", "APBD_3.csproj", "{4E44213A-C4F2-4FC7-8B30-6A022863B825}"
EndProject
Global
	GlobalSection(SolutionConfigurationPlatforms) = preSolution
		Debug|Any CPU = Debug|Any CPU
		Release|Any CPU = Release|Any CPU
	EndGlobalSection
	GlobalSection(ProjectConfigurationPlatforms) = postSolution
		{4E44213A-C4F2-4FC7-8B30-6A022863B825}.Debug|Any CPU.ActiveCfg = Debug|Any CPU
		{4E44213A-C4F2-4FC7-8B30-6A022863B825}.Debug|Any CPU.Build.0 = Debug|Any CPU
		{4E44213A-C4F2-4FC7-8B30-6A022863B825}.Release|Any CPU.ActiveCfg = Release|Any CPU
		{4E44213A-C4F2-4FC7-8B30-6A022863B825}.Release|Any CPU.Build.0 = Release|Any CPU
	EndGlobalSection
EndGlobal
